
Microsoft Visual Studio Solution File, Format Version 12.00
# Visual Studio 15
VisualStudioVersion = 15.0.26124.0
MinimumVisualStudioVersion = 15.0.26124.0
Project("{2150E333-8FDC-42A3-9474-1A3956D46DE8}") = "Presentation", "Presentation", "{6CC35CB7-C168-4494-8012-D0668263E1FF}"
EndProject
Project("{FAE04EC0-301F-11D3-BF4B-00C04F79EFBC}") = "Marathon.Web", "Marathon.Web\Marathon.Web.csproj", "{04252E80-1811-4F79-AB1B-033F6D282776}"
EndProject
Project("{2150E333-8FDC-42A3-9474-1A3956D46DE8}") = "Libraries", "Libraries", "{6DCA2C9F-153B-468D-A1A2-503148780C6D}"
EndProject
Project("{FAE04EC0-301F-11D3-BF4B-00C04F79EFBC}") = "Marathon.Core", "Marathon.Core\Marathon.Core.csproj", "{0D4B7E5C-99E5-45D3-80AC-44D5E1A03E39}"
EndProject
Project("{FAE04EC0-301F-11D3-BF4B-00C04F79EFBC}") = "Marathon.Data", "Marathon.Data\Marathon.Data.csproj", "{A5528F89-890F-4263-8595-8ED93B99BF85}"
EndProject
Global
	GlobalSection(SolutionConfigurationPlatforms) = preSolution
		Debug|Any CPU = Debug|Any CPU
		Debug|x64 = Debug|x64
		Debug|x86 = Debug|x86
		Release|Any CPU = Release|Any CPU
		Release|x64 = Release|x64
		Release|x86 = Release|x86
	EndGlobalSection
	GlobalSection(ProjectConfigurationPlatforms) = postSolution
		{04252E80-1811-4F79-AB1B-033F6D282776}.Debug|Any CPU.ActiveCfg = Debug|Any CPU
		{04252E80-1811-4F79-AB1B-033F6D282776}.Debug|Any CPU.Build.0 = Debug|Any CPU
		{04252E80-1811-4F79-AB1B-033F6D282776}.Debug|x64.ActiveCfg = Debug|Any CPU
		{04252E80-1811-4F79-AB1B-033F6D282776}.Debug|x64.Build.0 = Debug|Any CPU
		{04252E80-1811-4F79-AB1B-033F6D282776}.Debug|x86.ActiveCfg = Debug|Any CPU
		{04252E80-1811-4F79-AB1B-033F6D282776}.Debug|x86.Build.0 = Debug|Any CPU
		{04252E80-1811-4F79-AB1B-033F6D282776}.Release|Any CPU.ActiveCfg = Release|Any CPU
		{04252E80-1811-4F79-AB1B-033F6D282776}.Release|Any CPU.Build.0 = Release|Any CPU
		{04252E80-1811-4F79-AB1B-033F6D282776}.Release|x64.ActiveCfg = Release|Any CPU
		{04252E80-1811-4F79-AB1B-033F6D282776}.Release|x64.Build.0 = Release|Any CPU
		{04252E80-1811-4F79-AB1B-033F6D282776}.Release|x86.ActiveCfg = Release|Any CPU
		{04252E80-1811-4F79-AB1B-033F6D282776}.Release|x86.Build.0 = Release|Any CPU
		{0D4B7E5C-99E5-45D3-80AC-44D5E1A03E39}.Debug|Any CPU.ActiveCfg = Debug|Any CPU
		{0D4B7E5C-99E5-45D3-80AC-44D5E1A03E39}.Debug|Any CPU.Build.0 = Debug|Any CPU
		{0D4B7E5C-99E5-45D3-80AC-44D5E1A03E39}.Debug|x64.ActiveCfg = Debug|Any CPU
		{0D4B7E5C-99E5-45D3-80AC-44D5E1A03E39}.Debug|x64.Build.0 = Debug|Any CPU
		{0D4B7E5C-99E5-45D3-80AC-44D5E1A03E39}.Debug|x86.ActiveCfg = Debug|Any CPU
		{0D4B7E5C-99E5-45D3-80AC-44D5E1A03E39}.Debug|x86.Build.0 = Debug|Any CPU
		{0D4B7E5C-99E5-45D3-80AC-44D5E1A03E39}.Release|Any CPU.ActiveCfg = Release|Any CPU
		{0D4B7E5C-99E5-45D3-80AC-44D5E1A03E39}.Release|Any CPU.Build.0 = Release|Any CPU
		{0D4B7E5C-99E5-45D3-80AC-44D5E1A03E39}.Release|x64.ActiveCfg = Release|Any CPU
		{0D4B7E5C-99E5-45D3-80AC-44D5E1A03E39}.Release|x64.Build.0 = Release|Any CPU
		{0D4B7E5C-99E5-45D3-80AC-44D5E1A03E39}.Release|x86.ActiveCfg = Release|Any CPU
		{0D4B7E5C-99E5-45D3-80AC-44D5E1A03E39}.Release|x86.Build.0 = Release|Any CPU
		{A5528F89-890F-4263-8595-8ED93B99BF85}.Debug|Any CPU.ActiveCfg = Debug|Any CPU
		{A5528F89-890F-4263-8595-8ED93B99BF85}.Debug|Any CPU.Build.0 = Debug|Any CPU
		{A5528F89-890F-4263-8595-8ED93B99BF85}.Debug|x64.ActiveCfg = Debug|Any CPU
		{A5528F89-890F-4263-8595-8ED93B99BF85}.Debug|x64.Build.0 = Debug|Any CPU
		{A5528F89-890F-4263-8595-8ED93B99BF85}.Debug|x86.ActiveCfg = Debug|Any CPU
		{A5528F89-890F-4263-8595-8ED93B99BF85}.Debug|x86.Build.0 = Debug|Any CPU
		{A5528F89-890F-4263-8595-8ED93B99BF85}.Release|Any CPU.ActiveCfg = Release|Any CPU
		{A5528F89-890F-4263-8595-8ED93B99BF85}.Release|Any CPU.Build.0 = Release|Any CPU
		{A5528F89-890F-4263-8595-8ED93B99BF85}.Release|x64.ActiveCfg = Release|Any CPU
		{A5528F89-890F-4263-8595-8ED93B99BF85}.Release|x64.Build.0 = Release|Any CPU
		{A5528F89-890F-4263-8595-8ED93B99BF85}.Release|x86.ActiveCfg = Release|Any CPU
		{A5528F89-890F-4263-8595-8ED93B99BF85}.Release|x86.Build.0 = Release|Any CPU
	EndGlobalSection
	GlobalSection(SolutionProperties) = preSolution
		HideSolutionNode = FALSE
	EndGlobalSection
	GlobalSection(NestedProjects) = preSolution
		{04252E80-1811-4F79-AB1B-033F6D282776} = {6CC35CB7-C168-4494-8012-D0668263E1FF}
		{0D4B7E5C-99E5-45D3-80AC-44D5E1A03E39} = {6DCA2C9F-153B-468D-A1A2-503148780C6D}
		{A5528F89-890F-4263-8595-8ED93B99BF85} = {6DCA2C9F-153B-468D-A1A2-503148780C6D}
	EndGlobalSection
	GlobalSection(ExtensibilityGlobals) = postSolution
		SolutionGuid = {945AEA3F-2398-4C85-A21B-917A0E04014A}
	EndGlobalSection
EndGlobal
